
Microsoft Visual Studio Solution File, Format Version 12.00
# Visual Studio 14
VisualStudioVersion = 14.0.24720.0
MinimumVisualStudioVersion = 10.0.40219.1
Project("{8BC9CEB8-8B4A-11D0-8D11-00A0C91BC942}") = "Ch8_8.1", "Ch8_8.1\Ch8_8.1.vcxproj", "{79CB4A22-FE88-432F-A309-8A625018A86C}"
EndProject
Project("{8BC9CEB8-8B4A-11D0-8D11-00A0C91BC942}") = "Ch8_8.2", "Ch8_8.2\Ch8_8.2.vcxproj", "{E650349D-0320-45FC-B52F-4A93C312EF51}"
EndProject
Project("{8BC9CEB8-8B4A-11D0-8D11-00A0C91BC942}") = "Ch8_8.3", "Ch8_8.3\Ch8_8.3.vcxproj", "{FAC1C54C-CAC9-425B-8EBE-DABC19DABE75}"
EndProject
Project("{8BC9CEB8-8B4A-11D0-8D11-00A0C91BC942}") = "Ch8_8.4", "Ch8_8.4\Ch8_8.4.vcxproj", "{FB2F58A5-80DE-4A2B-BCFB-BF4366EA9F4B}"
EndProject
Project("{8BC9CEB8-8B4A-11D0-8D11-00A0C91BC942}") = "Ch8_8.5", "Ch8_8.5\Ch8_8.5.vcxproj", "{B51B53DA-F890-41EE-A8B4-18F1738ECA8D}"
EndProject
Project("{8BC9CEB8-8B4A-11D0-8D11-00A0C91BC942}") = "Ch8_8.6", "Ch8_8.6\Ch8_8.6.vcxproj", "{346CD40C-90B8-4CD2-AACC-8E3E4C42C71E}"
EndProject
Project("{8BC9CEB8-8B4A-11D0-8D11-00A0C91BC942}") = "Ch8_8.7", "Ch8_8.7\Ch8_8.7.vcxproj", "{A0880D39-7A1F-4D6E-832A-69DC5EEE18A9}"
EndProject
Global
	GlobalSection(SolutionConfigurationPlatforms) = preSolution
		Debug|x64 = Debug|x64
		Debug|x86 = Debug|x86
		Release|x64 = Release|x64
		Release|x86 = Release|x86
	EndGlobalSection
	GlobalSection(ProjectConfigurationPlatforms) = postSolution
		{79CB4A22-FE88-432F-A309-8A625018A86C}.Debug|x64.ActiveCfg = Debug|x64
		{79CB4A22-FE88-432F-A309-8A625018A86C}.Debug|x64.Build.0 = Debug|x64
		{79CB4A22-FE88-432F-A309-8A625018A86C}.Debug|x86.ActiveCfg = Debug|Win32
		{79CB4A22-FE88-432F-A309-8A625018A86C}.Debug|x86.Build.0 = Debug|Win32
		{79CB4A22-FE88-432F-A309-8A625018A86C}.Release|x64.ActiveCfg = Release|x64
		{79CB4A22-FE88-432F-A309-8A625018A86C}.Release|x64.Build.0 = Release|x64
		{79CB4A22-FE88-432F-A309-8A625018A86C}.Release|x86.ActiveCfg = Release|Win32
		{79CB4A22-FE88-432F-A309-8A625018A86C}.Release|x86.Build.0 = Release|Win32
		{E650349D-0320-45FC-B52F-4A93C312EF51}.Debug|x64.ActiveCfg = Debug|x64
		{E650349D-0320-45FC-B52F-4A93C312EF51}.Debug|x64.Build.0 = Debug|x64
		{E650349D-0320-45FC-B52F-4A93C312EF51}.Debug|x86.ActiveCfg = Debug|Win32
		{E650349D-0320-45FC-B52F-4A93C312EF51}.Debug|x86.Build.0 = Debug|Win32
		{E650349D-0320-45FC-B52F-4A93C312EF51}.Release|x64.ActiveCfg = Release|x64
		{E650349D-0320-45FC-B52F-4A93C312EF51}.Release|x64.Build.0 = Release|x64
		{E650349D-0320-45FC-B52F-4A93C312EF51}.Release|x86.ActiveCfg = Release|Win32
		{E650349D-0320-45FC-B52F-4A93C312EF51}.Release|x86.Build.0 = Release|Win32
		{FAC1C54C-CAC9-425B-8EBE-DABC19DABE75}.Debug|x64.ActiveCfg = Debug|x64
		{FAC1C54C-CAC9-425B-8EBE-DABC19DABE75}.Debug|x64.Build.0 = Debug|x64
		{FAC1C54C-CAC9-425B-8EBE-DABC19DABE75}.Debug|x86.ActiveCfg = Debug|Win32
		{FAC1C54C-CAC9-425B-8EBE-DABC19DABE75}.Debug|x86.Build.0 = Debug|Win32
		{FAC1C54C-CAC9-425B-8EBE-DABC19DABE75}.Release|x64.ActiveCfg = Release|x64
		{FAC1C54C-CAC9-425B-8EBE-DABC19DABE75}.Release|x64.Build.0 = Release|x64
		{FAC1C54C-CAC9-425B-8EBE-DABC19DABE75}.Release|x86.ActiveCfg = Release|Win32
		{FAC1C54C-CAC9-425B-8EBE-DABC19DABE75}.Release|x86.Build.0 = Release|Win32
		{FB2F58A5-80DE-4A2B-BCFB-BF4366EA9F4B}.Debug|x64.ActiveCfg = Debug|x64
		{FB2F58A5-80DE-4A2B-BCFB-BF4366EA9F4B}.Debug|x64.Build.0 = Debug|x64
		{FB2F58A5-80DE-4A2B-BCFB-BF4366EA9F4B}.Debug|x86.ActiveCfg = Debug|Win32
		{FB2F58A5-80DE-4A2B-BCFB-BF4366EA9F4B}.Debug|x86.Build.0 = Debug|Win32
		{FB2F58A5-80DE-4A2B-BCFB-BF4366EA9F4B}.Release|x64.ActiveCfg = Release|x64
		{FB2F58A5-80DE-4A2B-BCFB-BF4366EA9F4B}.Release|x64.Build.0 = Release|x64
		{FB2F58A5-80DE-4A2B-BCFB-BF4366EA9F4B}.Release|x86.ActiveCfg = Release|Win32
		{FB2F58A5-80DE-4A2B-BCFB-BF4366EA9F4B}.Release|x86.Build.0 = Release|Win32
		{B51B53DA-F890-41EE-A8B4-18F1738ECA8D}.Debug|x64.ActiveCfg = Debug|x64
		{B51B53DA-F890-41EE-A8B4-18F1738ECA8D}.Debug|x64.Build.0 = Debug|x64
		{B51B53DA-F890-41EE-A8B4-18F1738ECA8D}.Debug|x86.ActiveCfg = Debug|Win32
		{B51B53DA-F890-41EE-A8B4-18F1738ECA8D}.Debug|x86.Build.0 = Debug|Win32
		{B51B53DA-F890-41EE-A8B4-18F1738ECA8D}.Release|x64.ActiveCfg = Release|x64
		{B51B53DA-F890-41EE-A8B4-18F1738ECA8D}.Release|x64.Build.0 = Release|x64
		{B51B53DA-F890-41EE-A8B4-18F1738ECA8D}.Release|x86.ActiveCfg = Release|Win32
		{B51B53DA-F890-41EE-A8B4-18F1738ECA8D}.Release|x86.Build.0 = Release|Win32
		{346CD40C-90B8-4CD2-AACC-8E3E4C42C71E}.Debug|x64.ActiveCfg = Debug|x64
		{346CD40C-90B8-4CD2-AACC-8E3E4C42C71E}.Debug|x64.Build.0 = Debug|x64
		{346CD40C-90B8-4CD2-AACC-8E3E4C42C71E}.Debug|x86.ActiveCfg = Debug|Win32
		{346CD40C-90B8-4CD2-AACC-8E3E4C42C71E}.Debug|x86.Build.0 = Debug|Win32
		{346CD40C-90B8-4CD2-AACC-8E3E4C42C71E}.Release|x64.ActiveCfg = Release|x64
		{346CD40C-90B8-4CD2-AACC-8E3E4C42C71E}.Release|x64.Build.0 = Release|x64
		{346CD40C-90B8-4CD2-AACC-8E3E4C42C71E}.Release|x86.ActiveCfg = Release|Win32
		{346CD40C-90B8-4CD2-AACC-8E3E4C42C71E}.Release|x86.Build.0 = Release|Win32
		{A0880D39-7A1F-4D6E-832A-69DC5EEE18A9}.Debug|x64.ActiveCfg = Debug|x64
		{A0880D39-7A1F-4D6E-832A-69DC5EEE18A9}.Debug|x64.Build.0 = Debug|x64
		{A0880D39-7A1F-4D6E-832A-69DC5EEE18A9}.Debug|x86.ActiveCfg = Debug|Win32
		{A0880D39-7A1F-4D6E-832A-69DC5EEE18A9}.Debug|x86.Build.0 = Debug|Win32
		{A0880D39-7A1F-4D6E-832A-69DC5EEE18A9}.Release|x64.ActiveCfg = Release|x64
		{A0880D39-7A1F-4D6E-832A-69DC5EEE18A9}.Release|x64.Build.0 = Release|x64
		{A0880D39-7A1F-4D6E-832A-69DC5EEE18A9}.Release|x86.ActiveCfg = Release|Win32
		{A0880D39-7A1F-4D6E-832A-69DC5EEE18A9}.Release|x86.Build.0 = Release|Win32
	EndGlobalSection
	GlobalSection(SolutionProperties) = preSolution
		HideSolutionNode = FALSE
	EndGlobalSection
EndGlobal
