
Microsoft Visual Studio Solution File, Format Version 12.00
# Visual Studio 14
VisualStudioVersion = 14.0.24720.0
MinimumVisualStudioVersion = 10.0.40219.1
Project("{8BC9CEB8-8B4A-11D0-8D11-00A0C91BC942}") = "Ch3_3.1", "Ch3_3.1\Ch3_3.1.vcxproj", "{E25B3044-D4CD-4B51-B71D-AEA08315B205}"
EndProject
Project("{8BC9CEB8-8B4A-11D0-8D11-00A0C91BC942}") = "Ch3_3.2", "Ch3_3.2\Ch3_3.2.vcxproj", "{2C901CAD-0FF0-4A7B-B0FF-40C20BAB3CB6}"
EndProject
Project("{8BC9CEB8-8B4A-11D0-8D11-00A0C91BC942}") = "Ch3_3.3", "Ch3_3.3\Ch3_3.3.vcxproj", "{B4B2F79F-071D-4E61-812D-56161128863D}"
EndProject
Project("{8BC9CEB8-8B4A-11D0-8D11-00A0C91BC942}") = "Ch3_3.4", "Ch3_3.4\Ch3_3.4.vcxproj", "{9852CF74-1173-44FC-A888-8D9D2C50BD65}"
EndProject
Project("{8BC9CEB8-8B4A-11D0-8D11-00A0C91BC942}") = "Ch3_3.5", "Ch3_3.5\Ch3_3.5.vcxproj", "{DE0EDBFC-A8C7-408B-AA3B-F0A9255F428D}"
EndProject
Project("{8BC9CEB8-8B4A-11D0-8D11-00A0C91BC942}") = "Ch3_3.6", "Ch3_3.6\Ch3_3.6.vcxproj", "{480E92F8-8228-4E9B-AE04-7AA04F47F86C}"
EndProject
Global
	GlobalSection(SolutionConfigurationPlatforms) = preSolution
		Debug|x64 = Debug|x64
		Debug|x86 = Debug|x86
		Release|x64 = Release|x64
		Release|x86 = Release|x86
	EndGlobalSection
	GlobalSection(ProjectConfigurationPlatforms) = postSolution
		{E25B3044-D4CD-4B51-B71D-AEA08315B205}.Debug|x64.ActiveCfg = Debug|x64
		{E25B3044-D4CD-4B51-B71D-AEA08315B205}.Debug|x64.Build.0 = Debug|x64
		{E25B3044-D4CD-4B51-B71D-AEA08315B205}.Debug|x86.ActiveCfg = Debug|Win32
		{E25B3044-D4CD-4B51-B71D-AEA08315B205}.Debug|x86.Build.0 = Debug|Win32
		{E25B3044-D4CD-4B51-B71D-AEA08315B205}.Release|x64.ActiveCfg = Release|x64
		{E25B3044-D4CD-4B51-B71D-AEA08315B205}.Release|x64.Build.0 = Release|x64
		{E25B3044-D4CD-4B51-B71D-AEA08315B205}.Release|x86.ActiveCfg = Release|Win32
		{E25B3044-D4CD-4B51-B71D-AEA08315B205}.Release|x86.Build.0 = Release|Win32
		{2C901CAD-0FF0-4A7B-B0FF-40C20BAB3CB6}.Debug|x64.ActiveCfg = Debug|x64
		{2C901CAD-0FF0-4A7B-B0FF-40C20BAB3CB6}.Debug|x64.Build.0 = Debug|x64
		{2C901CAD-0FF0-4A7B-B0FF-40C20BAB3CB6}.Debug|x86.ActiveCfg = Debug|Win32
		{2C901CAD-0FF0-4A7B-B0FF-40C20BAB3CB6}.Debug|x86.Build.0 = Debug|Win32
		{2C901CAD-0FF0-4A7B-B0FF-40C20BAB3CB6}.Release|x64.ActiveCfg = Release|x64
		{2C901CAD-0FF0-4A7B-B0FF-40C20BAB3CB6}.Release|x64.Build.0 = Release|x64
		{2C901CAD-0FF0-4A7B-B0FF-40C20BAB3CB6}.Release|x86.ActiveCfg = Release|Win32
		{2C901CAD-0FF0-4A7B-B0FF-40C20BAB3CB6}.Release|x86.Build.0 = Release|Win32
		{B4B2F79F-071D-4E61-812D-56161128863D}.Debug|x64.ActiveCfg = Debug|x64
		{B4B2F79F-071D-4E61-812D-56161128863D}.Debug|x64.Build.0 = Debug|x64
		{B4B2F79F-071D-4E61-812D-56161128863D}.Debug|x86.ActiveCfg = Debug|Win32
		{B4B2F79F-071D-4E61-812D-56161128863D}.Debug|x86.Build.0 = Debug|Win32
		{B4B2F79F-071D-4E61-812D-56161128863D}.Release|x64.ActiveCfg = Release|x64
		{B4B2F79F-071D-4E61-812D-56161128863D}.Release|x64.Build.0 = Release|x64
		{B4B2F79F-071D-4E61-812D-56161128863D}.Release|x86.ActiveCfg = Release|Win32
		{B4B2F79F-071D-4E61-812D-56161128863D}.Release|x86.Build.0 = Release|Win32
		{9852CF74-1173-44FC-A888-8D9D2C50BD65}.Debug|x64.ActiveCfg = Debug|x64
		{9852CF74-1173-44FC-A888-8D9D2C50BD65}.Debug|x64.Build.0 = Debug|x64
		{9852CF74-1173-44FC-A888-8D9D2C50BD65}.Debug|x86.ActiveCfg = Debug|Win32
		{9852CF74-1173-44FC-A888-8D9D2C50BD65}.Debug|x86.Build.0 = Debug|Win32
		{9852CF74-1173-44FC-A888-8D9D2C50BD65}.Release|x64.ActiveCfg = Release|x64
		{9852CF74-1173-44FC-A888-8D9D2C50BD65}.Release|x64.Build.0 = Release|x64
		{9852CF74-1173-44FC-A888-8D9D2C50BD65}.Release|x86.ActiveCfg = Release|Win32
		{9852CF74-1173-44FC-A888-8D9D2C50BD65}.Release|x86.Build.0 = Release|Win32
		{DE0EDBFC-A8C7-408B-AA3B-F0A9255F428D}.Debug|x64.ActiveCfg = Debug|x64
		{DE0EDBFC-A8C7-408B-AA3B-F0A9255F428D}.Debug|x64.Build.0 = Debug|x64
		{DE0EDBFC-A8C7-408B-AA3B-F0A9255F428D}.Debug|x86.ActiveCfg = Debug|Win32
		{DE0EDBFC-A8C7-408B-AA3B-F0A9255F428D}.Debug|x86.Build.0 = Debug|Win32
		{DE0EDBFC-A8C7-408B-AA3B-F0A9255F428D}.Release|x64.ActiveCfg = Release|x64
		{DE0EDBFC-A8C7-408B-AA3B-F0A9255F428D}.Release|x64.Build.0 = Release|x64
		{DE0EDBFC-A8C7-408B-AA3B-F0A9255F428D}.Release|x86.ActiveCfg = Release|Win32
		{DE0EDBFC-A8C7-408B-AA3B-F0A9255F428D}.Release|x86.Build.0 = Release|Win32
		{480E92F8-8228-4E9B-AE04-7AA04F47F86C}.Debug|x64.ActiveCfg = Debug|x64
		{480E92F8-8228-4E9B-AE04-7AA04F47F86C}.Debug|x64.Build.0 = Debug|x64
		{480E92F8-8228-4E9B-AE04-7AA04F47F86C}.Debug|x86.ActiveCfg = Debug|Win32
		{480E92F8-8228-4E9B-AE04-7AA04F47F86C}.Debug|x86.Build.0 = Debug|Win32
		{480E92F8-8228-4E9B-AE04-7AA04F47F86C}.Release|x64.ActiveCfg = Release|x64
		{480E92F8-8228-4E9B-AE04-7AA04F47F86C}.Release|x64.Build.0 = Release|x64
		{480E92F8-8228-4E9B-AE04-7AA04F47F86C}.Release|x86.ActiveCfg = Release|Win32
		{480E92F8-8228-4E9B-AE04-7AA04F47F86C}.Release|x86.Build.0 = Release|Win32
	EndGlobalSection
	GlobalSection(SolutionProperties) = preSolution
		HideSolutionNode = FALSE
	EndGlobalSection
EndGlobal
