
Microsoft Visual Studio Solution File, Format Version 12.00
# Visual Studio 14
VisualStudioVersion = 14.0.24720.0
MinimumVisualStudioVersion = 10.0.40219.1
Project("{8BC9CEB8-8B4A-11D0-8D11-00A0C91BC942}") = "Ch1_1.2", "Ch1_1.2\Ch1_1.2.vcxproj", "{5A4AB6A9-C0F2-4243-9F88-5808D81B74FE}"
EndProject
Project("{8BC9CEB8-8B4A-11D0-8D11-00A0C91BC942}") = "Ch1_1.1", "Ch1_1.1\Ch1_1.1.vcxproj", "{E0F9BAC2-61A5-4BB7-A876-553C051F9378}"
EndProject
Project("{8BC9CEB8-8B4A-11D0-8D11-00A0C91BC942}") = "Ch1_1.3", "Ch1_1.3\Ch1_1.3.vcxproj", "{63024759-B3F7-4AAB-BF10-9C4F7DA6E4EF}"
EndProject
Project("{8BC9CEB8-8B4A-11D0-8D11-00A0C91BC942}") = "Ch1_1.4", "Ch1_1.4\Ch1_1.4.vcxproj", "{457F15DB-07B5-4AFC-B7AE-A2E8CC91AC2B}"
EndProject
Project("{8BC9CEB8-8B4A-11D0-8D11-00A0C91BC942}") = "Ch1_extra1", "Ch1_extra1\Ch1_extra1.vcxproj", "{A09AA420-7AA1-4943-A7FD-4BC4C71C42EE}"
EndProject
Project("{8BC9CEB8-8B4A-11D0-8D11-00A0C91BC942}") = "Ch1_1.5", "Ch1_1.5\Ch1_1.5.vcxproj", "{38568CC5-9C25-4E57-B82E-EDFA1EA7F22C}"
EndProject
Project("{8BC9CEB8-8B4A-11D0-8D11-00A0C91BC942}") = "Ch1_1.6", "Ch1_1.6\Ch1_1.6.vcxproj", "{1895DD95-E3F3-4F22-A03F-1807FC400FDD}"
EndProject
Project("{8BC9CEB8-8B4A-11D0-8D11-00A0C91BC942}") = "Ch1_1.7", "Ch1_1.7\Ch1_1.7.vcxproj", "{17B41673-1BB8-434E-81D9-CF03F58DC935}"
EndProject
Project("{8BC9CEB8-8B4A-11D0-8D11-00A0C91BC942}") = "Ch1_1.8", "Ch1_1.8\Ch1_1.8.vcxproj", "{49809739-9E00-4AF6-8978-512655CD73F3}"
EndProject
Global
	GlobalSection(SolutionConfigurationPlatforms) = preSolution
		Debug|x64 = Debug|x64
		Debug|x86 = Debug|x86
		Release|x64 = Release|x64
		Release|x86 = Release|x86
	EndGlobalSection
	GlobalSection(ProjectConfigurationPlatforms) = postSolution
		{5A4AB6A9-C0F2-4243-9F88-5808D81B74FE}.Debug|x64.ActiveCfg = Debug|x64
		{5A4AB6A9-C0F2-4243-9F88-5808D81B74FE}.Debug|x64.Build.0 = Debug|x64
		{5A4AB6A9-C0F2-4243-9F88-5808D81B74FE}.Debug|x86.ActiveCfg = Debug|Win32
		{5A4AB6A9-C0F2-4243-9F88-5808D81B74FE}.Debug|x86.Build.0 = Debug|Win32
		{5A4AB6A9-C0F2-4243-9F88-5808D81B74FE}.Release|x64.ActiveCfg = Release|x64
		{5A4AB6A9-C0F2-4243-9F88-5808D81B74FE}.Release|x64.Build.0 = Release|x64
		{5A4AB6A9-C0F2-4243-9F88-5808D81B74FE}.Release|x86.ActiveCfg = Release|Win32
		{5A4AB6A9-C0F2-4243-9F88-5808D81B74FE}.Release|x86.Build.0 = Release|Win32
		{E0F9BAC2-61A5-4BB7-A876-553C051F9378}.Debug|x64.ActiveCfg = Debug|x64
		{E0F9BAC2-61A5-4BB7-A876-553C051F9378}.Debug|x64.Build.0 = Debug|x64
		{E0F9BAC2-61A5-4BB7-A876-553C051F9378}.Debug|x86.ActiveCfg = Debug|Win32
		{E0F9BAC2-61A5-4BB7-A876-553C051F9378}.Debug|x86.Build.0 = Debug|Win32
		{E0F9BAC2-61A5-4BB7-A876-553C051F9378}.Release|x64.ActiveCfg = Release|x64
		{E0F9BAC2-61A5-4BB7-A876-553C051F9378}.Release|x64.Build.0 = Release|x64
		{E0F9BAC2-61A5-4BB7-A876-553C051F9378}.Release|x86.ActiveCfg = Release|Win32
		{E0F9BAC2-61A5-4BB7-A876-553C051F9378}.Release|x86.Build.0 = Release|Win32
		{63024759-B3F7-4AAB-BF10-9C4F7DA6E4EF}.Debug|x64.ActiveCfg = Debug|x64
		{63024759-B3F7-4AAB-BF10-9C4F7DA6E4EF}.Debug|x64.Build.0 = Debug|x64
		{63024759-B3F7-4AAB-BF10-9C4F7DA6E4EF}.Debug|x86.ActiveCfg = Debug|Win32
		{63024759-B3F7-4AAB-BF10-9C4F7DA6E4EF}.Debug|x86.Build.0 = Debug|Win32
		{63024759-B3F7-4AAB-BF10-9C4F7DA6E4EF}.Release|x64.ActiveCfg = Release|x64
		{63024759-B3F7-4AAB-BF10-9C4F7DA6E4EF}.Release|x64.Build.0 = Release|x64
		{63024759-B3F7-4AAB-BF10-9C4F7DA6E4EF}.Release|x86.ActiveCfg = Release|Win32
		{63024759-B3F7-4AAB-BF10-9C4F7DA6E4EF}.Release|x86.Build.0 = Release|Win32
		{457F15DB-07B5-4AFC-B7AE-A2E8CC91AC2B}.Debug|x64.ActiveCfg = Debug|x64
		{457F15DB-07B5-4AFC-B7AE-A2E8CC91AC2B}.Debug|x64.Build.0 = Debug|x64
		{457F15DB-07B5-4AFC-B7AE-A2E8CC91AC2B}.Debug|x86.ActiveCfg = Debug|Win32
		{457F15DB-07B5-4AFC-B7AE-A2E8CC91AC2B}.Debug|x86.Build.0 = Debug|Win32
		{457F15DB-07B5-4AFC-B7AE-A2E8CC91AC2B}.Release|x64.ActiveCfg = Release|x64
		{457F15DB-07B5-4AFC-B7AE-A2E8CC91AC2B}.Release|x64.Build.0 = Release|x64
		{457F15DB-07B5-4AFC-B7AE-A2E8CC91AC2B}.Release|x86.ActiveCfg = Release|Win32
		{457F15DB-07B5-4AFC-B7AE-A2E8CC91AC2B}.Release|x86.Build.0 = Release|Win32
		{A09AA420-7AA1-4943-A7FD-4BC4C71C42EE}.Debug|x64.ActiveCfg = Debug|x64
		{A09AA420-7AA1-4943-A7FD-4BC4C71C42EE}.Debug|x64.Build.0 = Debug|x64
		{A09AA420-7AA1-4943-A7FD-4BC4C71C42EE}.Debug|x86.ActiveCfg = Debug|Win32
		{A09AA420-7AA1-4943-A7FD-4BC4C71C42EE}.Debug|x86.Build.0 = Debug|Win32
		{A09AA420-7AA1-4943-A7FD-4BC4C71C42EE}.Release|x64.ActiveCfg = Release|x64
		{A09AA420-7AA1-4943-A7FD-4BC4C71C42EE}.Release|x64.Build.0 = Release|x64
		{A09AA420-7AA1-4943-A7FD-4BC4C71C42EE}.Release|x86.ActiveCfg = Release|Win32
		{A09AA420-7AA1-4943-A7FD-4BC4C71C42EE}.Release|x86.Build.0 = Release|Win32
		{38568CC5-9C25-4E57-B82E-EDFA1EA7F22C}.Debug|x64.ActiveCfg = Debug|x64
		{38568CC5-9C25-4E57-B82E-EDFA1EA7F22C}.Debug|x64.Build.0 = Debug|x64
		{38568CC5-9C25-4E57-B82E-EDFA1EA7F22C}.Debug|x86.ActiveCfg = Debug|Win32
		{38568CC5-9C25-4E57-B82E-EDFA1EA7F22C}.Debug|x86.Build.0 = Debug|Win32
		{38568CC5-9C25-4E57-B82E-EDFA1EA7F22C}.Release|x64.ActiveCfg = Release|x64
		{38568CC5-9C25-4E57-B82E-EDFA1EA7F22C}.Release|x64.Build.0 = Release|x64
		{38568CC5-9C25-4E57-B82E-EDFA1EA7F22C}.Release|x86.ActiveCfg = Release|Win32
		{38568CC5-9C25-4E57-B82E-EDFA1EA7F22C}.Release|x86.Build.0 = Release|Win32
		{1895DD95-E3F3-4F22-A03F-1807FC400FDD}.Debug|x64.ActiveCfg = Debug|x64
		{1895DD95-E3F3-4F22-A03F-1807FC400FDD}.Debug|x64.Build.0 = Debug|x64
		{1895DD95-E3F3-4F22-A03F-1807FC400FDD}.Debug|x86.ActiveCfg = Debug|Win32
		{1895DD95-E3F3-4F22-A03F-1807FC400FDD}.Debug|x86.Build.0 = Debug|Win32
		{1895DD95-E3F3-4F22-A03F-1807FC400FDD}.Release|x64.ActiveCfg = Release|x64
		{1895DD95-E3F3-4F22-A03F-1807FC400FDD}.Release|x64.Build.0 = Release|x64
		{1895DD95-E3F3-4F22-A03F-1807FC400FDD}.Release|x86.ActiveCfg = Release|Win32
		{1895DD95-E3F3-4F22-A03F-1807FC400FDD}.Release|x86.Build.0 = Release|Win32
		{17B41673-1BB8-434E-81D9-CF03F58DC935}.Debug|x64.ActiveCfg = Debug|x64
		{17B41673-1BB8-434E-81D9-CF03F58DC935}.Debug|x64.Build.0 = Debug|x64
		{17B41673-1BB8-434E-81D9-CF03F58DC935}.Debug|x86.ActiveCfg = Debug|Win32
		{17B41673-1BB8-434E-81D9-CF03F58DC935}.Debug|x86.Build.0 = Debug|Win32
		{17B41673-1BB8-434E-81D9-CF03F58DC935}.Release|x64.ActiveCfg = Release|x64
		{17B41673-1BB8-434E-81D9-CF03F58DC935}.Release|x64.Build.0 = Release|x64
		{17B41673-1BB8-434E-81D9-CF03F58DC935}.Release|x86.ActiveCfg = Release|Win32
		{17B41673-1BB8-434E-81D9-CF03F58DC935}.Release|x86.Build.0 = Release|Win32
		{49809739-9E00-4AF6-8978-512655CD73F3}.Debug|x64.ActiveCfg = Debug|x64
		{49809739-9E00-4AF6-8978-512655CD73F3}.Debug|x64.Build.0 = Debug|x64
		{49809739-9E00-4AF6-8978-512655CD73F3}.Debug|x86.ActiveCfg = Debug|Win32
		{49809739-9E00-4AF6-8978-512655CD73F3}.Debug|x86.Build.0 = Debug|Win32
		{49809739-9E00-4AF6-8978-512655CD73F3}.Release|x64.ActiveCfg = Release|x64
		{49809739-9E00-4AF6-8978-512655CD73F3}.Release|x64.Build.0 = Release|x64
		{49809739-9E00-4AF6-8978-512655CD73F3}.Release|x86.ActiveCfg = Release|Win32
		{49809739-9E00-4AF6-8978-512655CD73F3}.Release|x86.Build.0 = Release|Win32
	EndGlobalSection
	GlobalSection(SolutionProperties) = preSolution
		HideSolutionNode = FALSE
	EndGlobalSection
EndGlobal
